
Microsoft Visual Studio Solution File, Format Version 12.00
# Visual Studio 15
VisualStudioVersion = 15.0.27130.2010
MinimumVisualStudioVersion = 10.0.40219.1
Project("{FAE04EC0-301F-11D3-BF4B-00C04F79EFBC}") = "ProjectQ", "ProjectQ\ProjectQ.csproj", "{72EA4AC4-A7D1-4C7B-9EC2-3BA625BF9063}"
EndProject
Global
	GlobalSection(SolutionConfigurationPlatforms) = preSolution
		Debug|Any CPU = Debug|Any CPU
		Release|Any CPU = Release|Any CPU
	EndGlobalSection
	GlobalSection(ProjectConfigurationPlatforms) = postSolution
		{72EA4AC4-A7D1-4C7B-9EC2-3BA625BF9063}.Debug|Any CPU.ActiveCfg = Debug|Any CPU
		{72EA4AC4-A7D1-4C7B-9EC2-3BA625BF9063}.Debug|Any CPU.Build.0 = Debug|Any CPU
		{72EA4AC4-A7D1-4C7B-9EC2-3BA625BF9063}.Release|Any CPU.ActiveCfg = Release|Any CPU
		{72EA4AC4-A7D1-4C7B-9EC2-3BA625BF9063}.Release|Any CPU.Build.0 = Release|Any CPU
	EndGlobalSection
	GlobalSection(SolutionProperties) = preSolution
		HideSolutionNode = FALSE
	EndGlobalSection
	GlobalSection(ExtensibilityGlobals) = postSolution
		SolutionGuid = {4F2D9152-F1B4-48C1-B0F8-EC564D967690}
	EndGlobalSection
EndGlobal
