
Microsoft Visual Studio Solution File, Format Version 12.00
# Visual Studio 15
VisualStudioVersion = 15.0.27130.2024
MinimumVisualStudioVersion = 10.0.40219.1
Project("{00D1A9C2-B5F0-4AF3-8072-F6C62B433612}") = "Database", "Database\Database.sqlproj", "{3F7BF257-6A9C-45EB-8C9E-8F62FF7AD84C}"
EndProject
Project("{9A19103F-16F7-4668-BE54-9A1E7A4F7556}") = "DAL", "DAL\DAL.csproj", "{1791718E-1699-4700-A4A6-17CC659860ED}"
EndProject
Project("{9A19103F-16F7-4668-BE54-9A1E7A4F7556}") = "Model", "Model\Model.csproj", "{3AD0D9BC-1BD1-4EC3-9942-F9B9E66B455F}"
EndProject
Project("{FAE04EC0-301F-11D3-BF4B-00C04F79EFBC}") = "ModelGenerator", "ModelGenerator\ModelGenerator.csproj", "{76571DBC-874E-4D79-8BB1-7B44B1F34CD9}"
EndProject
Project("{9A19103F-16F7-4668-BE54-9A1E7A4F7556}") = "BusinessLogic", "BusinessLogic\BusinessLogic.csproj", "{23F290DB-D2FF-45AB-89A6-0C7FEC61FE71}"
EndProject
Project("{9A19103F-16F7-4668-BE54-9A1E7A4F7556}") = "BusinessLogic.Tests", "BusinessLogic.Tests\BusinessLogic.Tests.csproj", "{49CD44D1-4514-4791-9852-73960C582E60}"
EndProject
Project("{2150E333-8FDC-42A3-9474-1A3956D46DE8}") = "Solution Items", "Solution Items", "{B2D7103F-D71D-4B29-B0FC-DC934D180F4D}"
	ProjectSection(SolutionItems) = preProject
		ImportantNotes.txt = ImportantNotes.txt
		SampleAnswer.txt = SampleAnswer.txt
	EndProjectSection
EndProject
Project("{9A19103F-16F7-4668-BE54-9A1E7A4F7556}") = "Experiments.Encryption.AES", "Experiments.Encryption.AES\Experiments.Encryption.AES.csproj", "{81F3524D-6240-4996-B74E-70617033CE4E}"
EndProject
Project("{9A19103F-16F7-4668-BE54-9A1E7A4F7556}") = "UI", "UI\UI.csproj", "{28F75C06-56E8-4604-8A61-11BFFB83F317}"
EndProject
Project("{FAE04EC0-301F-11D3-BF4B-00C04F79EFBC}") = "DAL.XUnitTests", "DAL.XUnitTests\DAL.XUnitTests.csproj", "{1C791EF3-0CDD-4D06-BFA6-4E22AF5B8176}"
EndProject
Global
	GlobalSection(SolutionConfigurationPlatforms) = preSolution
		Debug|Any CPU = Debug|Any CPU
		Release|Any CPU = Release|Any CPU
	EndGlobalSection
	GlobalSection(ProjectConfigurationPlatforms) = postSolution
		{3F7BF257-6A9C-45EB-8C9E-8F62FF7AD84C}.Debug|Any CPU.ActiveCfg = Debug|Any CPU
		{3F7BF257-6A9C-45EB-8C9E-8F62FF7AD84C}.Debug|Any CPU.Build.0 = Debug|Any CPU
		{3F7BF257-6A9C-45EB-8C9E-8F62FF7AD84C}.Debug|Any CPU.Deploy.0 = Debug|Any CPU
		{3F7BF257-6A9C-45EB-8C9E-8F62FF7AD84C}.Release|Any CPU.ActiveCfg = Release|Any CPU
		{3F7BF257-6A9C-45EB-8C9E-8F62FF7AD84C}.Release|Any CPU.Build.0 = Release|Any CPU
		{3F7BF257-6A9C-45EB-8C9E-8F62FF7AD84C}.Release|Any CPU.Deploy.0 = Release|Any CPU
		{1791718E-1699-4700-A4A6-17CC659860ED}.Debug|Any CPU.ActiveCfg = Debug|Any CPU
		{1791718E-1699-4700-A4A6-17CC659860ED}.Debug|Any CPU.Build.0 = Debug|Any CPU
		{1791718E-1699-4700-A4A6-17CC659860ED}.Release|Any CPU.ActiveCfg = Release|Any CPU
		{1791718E-1699-4700-A4A6-17CC659860ED}.Release|Any CPU.Build.0 = Release|Any CPU
		{3AD0D9BC-1BD1-4EC3-9942-F9B9E66B455F}.Debug|Any CPU.ActiveCfg = Debug|Any CPU
		{3AD0D9BC-1BD1-4EC3-9942-F9B9E66B455F}.Debug|Any CPU.Build.0 = Debug|Any CPU
		{3AD0D9BC-1BD1-4EC3-9942-F9B9E66B455F}.Release|Any CPU.ActiveCfg = Release|Any CPU
		{3AD0D9BC-1BD1-4EC3-9942-F9B9E66B455F}.Release|Any CPU.Build.0 = Release|Any CPU
		{76571DBC-874E-4D79-8BB1-7B44B1F34CD9}.Debug|Any CPU.ActiveCfg = Debug|Any CPU
		{76571DBC-874E-4D79-8BB1-7B44B1F34CD9}.Debug|Any CPU.Build.0 = Debug|Any CPU
		{76571DBC-874E-4D79-8BB1-7B44B1F34CD9}.Release|Any CPU.ActiveCfg = Release|Any CPU
		{76571DBC-874E-4D79-8BB1-7B44B1F34CD9}.Release|Any CPU.Build.0 = Release|Any CPU
		{23F290DB-D2FF-45AB-89A6-0C7FEC61FE71}.Debug|Any CPU.ActiveCfg = Debug|Any CPU
		{23F290DB-D2FF-45AB-89A6-0C7FEC61FE71}.Debug|Any CPU.Build.0 = Debug|Any CPU
		{23F290DB-D2FF-45AB-89A6-0C7FEC61FE71}.Release|Any CPU.ActiveCfg = Release|Any CPU
		{23F290DB-D2FF-45AB-89A6-0C7FEC61FE71}.Release|Any CPU.Build.0 = Release|Any CPU
		{49CD44D1-4514-4791-9852-73960C582E60}.Debug|Any CPU.ActiveCfg = Debug|Any CPU
		{49CD44D1-4514-4791-9852-73960C582E60}.Debug|Any CPU.Build.0 = Debug|Any CPU
		{49CD44D1-4514-4791-9852-73960C582E60}.Release|Any CPU.ActiveCfg = Release|Any CPU
		{49CD44D1-4514-4791-9852-73960C582E60}.Release|Any CPU.Build.0 = Release|Any CPU
		{81F3524D-6240-4996-B74E-70617033CE4E}.Debug|Any CPU.ActiveCfg = Debug|Any CPU
		{81F3524D-6240-4996-B74E-70617033CE4E}.Debug|Any CPU.Build.0 = Debug|Any CPU
		{81F3524D-6240-4996-B74E-70617033CE4E}.Release|Any CPU.ActiveCfg = Release|Any CPU
		{81F3524D-6240-4996-B74E-70617033CE4E}.Release|Any CPU.Build.0 = Release|Any CPU
		{28F75C06-56E8-4604-8A61-11BFFB83F317}.Debug|Any CPU.ActiveCfg = Debug|Any CPU
		{28F75C06-56E8-4604-8A61-11BFFB83F317}.Debug|Any CPU.Build.0 = Debug|Any CPU
		{28F75C06-56E8-4604-8A61-11BFFB83F317}.Release|Any CPU.ActiveCfg = Release|Any CPU
		{28F75C06-56E8-4604-8A61-11BFFB83F317}.Release|Any CPU.Build.0 = Release|Any CPU
		{1C791EF3-0CDD-4D06-BFA6-4E22AF5B8176}.Debug|Any CPU.ActiveCfg = Debug|Any CPU
		{1C791EF3-0CDD-4D06-BFA6-4E22AF5B8176}.Debug|Any CPU.Build.0 = Debug|Any CPU
		{1C791EF3-0CDD-4D06-BFA6-4E22AF5B8176}.Release|Any CPU.ActiveCfg = Release|Any CPU
		{1C791EF3-0CDD-4D06-BFA6-4E22AF5B8176}.Release|Any CPU.Build.0 = Release|Any CPU
	EndGlobalSection
	GlobalSection(SolutionProperties) = preSolution
		HideSolutionNode = FALSE
	EndGlobalSection
	GlobalSection(ExtensibilityGlobals) = postSolution
		SolutionGuid = {4F2D9152-F1B4-48C1-B0F8-EC564D967690}
	EndGlobalSection
EndGlobal
